
Microsoft Visual Studio Solution File, Format Version 12.00
# Visual Studio Version 16
VisualStudioVersion = 16.0.30002.166
MinimumVisualStudioVersion = 10.0.40219.1
Project("{FAE04EC0-301F-11D3-BF4B-00C04F79EFBC}") = "SampleCode", "SampleCode\SampleCode.csproj", "{482AE123-00E5-4160-ABF1-0297D580395D}"
EndProject
Global
	GlobalSection(SolutionConfigurationPlatforms) = preSolution
		Debug|Any CPU = Debug|Any CPU
		Release|Any CPU = Release|Any CPU
	EndGlobalSection
	GlobalSection(ProjectConfigurationPlatforms) = postSolution
		{482AE123-00E5-4160-ABF1-0297D580395D}.Debug|Any CPU.ActiveCfg = Debug|Any CPU
		{482AE123-00E5-4160-ABF1-0297D580395D}.Debug|Any CPU.Build.0 = Debug|Any CPU
		{482AE123-00E5-4160-ABF1-0297D580395D}.Release|Any CPU.ActiveCfg = Release|Any CPU
		{482AE123-00E5-4160-ABF1-0297D580395D}.Release|Any CPU.Build.0 = Release|Any CPU
	EndGlobalSection
	GlobalSection(SolutionProperties) = preSolution
		HideSolutionNode = FALSE
	EndGlobalSection
	GlobalSection(ExtensibilityGlobals) = postSolution
		SolutionGuid = {FA85C9B7-5EB1-4CB6-BE30-5966E05352F1}
	EndGlobalSection
EndGlobal
